
Microsoft Visual Studio Solution File, Format Version 12.00
# Visual Studio Version 16
VisualStudioVersion = 16.0.30114.105
MinimumVisualStudioVersion = 10.0.40219.1
Project("{FAE04EC0-301F-11D3-BF4B-00C04F79EFBC}") = "lib", "lib\lib.csproj", "{CF94CC7F-D308-4A56-A127-7384F863432E}"
EndProject
Project("{FAE04EC0-301F-11D3-BF4B-00C04F79EFBC}") = "day-01", "day-01\day-01.csproj", "{BA247A6D-0B2A-4CD0-B0E8-4D51E0A57116}"
EndProject
Project("{FAE04EC0-301F-11D3-BF4B-00C04F79EFBC}") = "day-02", "day-02\day-02.csproj", "{FD6C6502-3FDB-4181-9AF6-89D317B1B1AC}"
EndProject
Project("{FAE04EC0-301F-11D3-BF4B-00C04F79EFBC}") = "day-03", "day-03\day-03.csproj", "{A76C0D10-8914-4599-8F35-9B1386F099B3}"
EndProject
Project("{FAE04EC0-301F-11D3-BF4B-00C04F79EFBC}") = "day-04", "day-04\day-04.csproj", "{F0EB1453-9B89-4577-B602-3F14B5E281F8}"
EndProject
Project("{FAE04EC0-301F-11D3-BF4B-00C04F79EFBC}") = "day-05", "day-05\day-05.csproj", "{4EC1F422-4BE5-4A08-AAB4-4AEEEBB9291F}"
EndProject
Project("{FAE04EC0-301F-11D3-BF4B-00C04F79EFBC}") = "day-06", "day-06\day-06.csproj", "{0DF3A43A-89E5-442B-A8CC-08BB49D9AC57}"
EndProject
Project("{FAE04EC0-301F-11D3-BF4B-00C04F79EFBC}") = "day-07", "day-07\day-07.csproj", "{6AB9E957-6328-494C-B01A-BCE895948D04}"
EndProject
Project("{FAE04EC0-301F-11D3-BF4B-00C04F79EFBC}") = "day-08", "day-08\day-08.csproj", "{B30F8EA9-EB99-41EB-A1B8-3D652AB312B5}"
EndProject
Project("{FAE04EC0-301F-11D3-BF4B-00C04F79EFBC}") = "day-09", "day-09\day-09.csproj", "{4D00A67E-D64F-4F2D-A5E3-9E5B5BAC72AC}"
EndProject
Project("{FAE04EC0-301F-11D3-BF4B-00C04F79EFBC}") = "day-10", "day-10\day-10.csproj", "{B21B248A-64B4-4631-BFCE-F199628E17E1}"
EndProject
Project("{FAE04EC0-301F-11D3-BF4B-00C04F79EFBC}") = "day-11", "day-11\day-11.csproj", "{DC39389D-9BBC-4F33-B01F-097ED8B702AB}"
EndProject
Project("{FAE04EC0-301F-11D3-BF4B-00C04F79EFBC}") = "day-12", "day-12\day-12.csproj", "{5FDB6483-0420-42C2-A8B3-0C0BFB34C4E6}"
EndProject
Project("{FAE04EC0-301F-11D3-BF4B-00C04F79EFBC}") = "day-13", "day-13\day-13.csproj", "{34CBAA38-DF1C-469F-94D3-A12AF690234E}"
EndProject
Project("{FAE04EC0-301F-11D3-BF4B-00C04F79EFBC}") = "day-14", "day-14\day-14.csproj", "{DBBD45EB-3020-441D-BA47-41D6463E6732}"
EndProject
Project("{FAE04EC0-301F-11D3-BF4B-00C04F79EFBC}") = "day-15", "day-15\day-15.csproj", "{34726A4D-9B83-41FA-95DB-D405F7133D13}"
EndProject
Project("{FAE04EC0-301F-11D3-BF4B-00C04F79EFBC}") = "day-16", "day-16\day-16.csproj", "{EF3341F0-F527-4FD4-829E-9178ABC89E0E}"
EndProject
Project("{FAE04EC0-301F-11D3-BF4B-00C04F79EFBC}") = "day-17", "day-17\day-17.csproj", "{48AC32CA-AA8B-419A-B1D0-F371613114E4}"
EndProject
Project("{FAE04EC0-301F-11D3-BF4B-00C04F79EFBC}") = "day-18", "day-18\day-18.csproj", "{75077FB0-A1B8-443A-97A6-16A491C99506}"
EndProject
Project("{FAE04EC0-301F-11D3-BF4B-00C04F79EFBC}") = "day-19", "day-19\day-19.csproj", "{2E719CBE-00A2-4317-A03D-DB45DCAB0D06}"
EndProject
Project("{FAE04EC0-301F-11D3-BF4B-00C04F79EFBC}") = "day-20", "day-20\day-20.csproj", "{5ED76F7C-9642-4D33-882C-23A030FF18DB}"
EndProject
Project("{FAE04EC0-301F-11D3-BF4B-00C04F79EFBC}") = "day-21", "day-21\day-21.csproj", "{A8C7BA9C-A83D-4B06-A3B8-6F9372E7A2C5}"
EndProject
Project("{FAE04EC0-301F-11D3-BF4B-00C04F79EFBC}") = "day-22", "day-22\day-22.csproj", "{025481AD-E5AB-41C4-933E-0BE91A7846CB}"
EndProject
Project("{FAE04EC0-301F-11D3-BF4B-00C04F79EFBC}") = "day-23", "day-23\day-23.csproj", "{9384581E-7E7C-463D-9436-6A8FDA2A8219}"
EndProject
Project("{FAE04EC0-301F-11D3-BF4B-00C04F79EFBC}") = "day-24", "day-24\day-24.csproj", "{66C6D938-1C10-442C-8DDA-8D3E1B707290}"
EndProject
Project("{FAE04EC0-301F-11D3-BF4B-00C04F79EFBC}") = "day-25", "day-25\day-25.csproj", "{212CD1B5-3A02-48DA-9E06-585CF1528E3B}"
EndProject
Global
	GlobalSection(SolutionConfigurationPlatforms) = preSolution
		Debug|Any CPU = Debug|Any CPU
		Release|Any CPU = Release|Any CPU
	EndGlobalSection
	GlobalSection(SolutionProperties) = preSolution
		HideSolutionNode = FALSE
	EndGlobalSection
	GlobalSection(ProjectConfigurationPlatforms) = postSolution
		{CF94CC7F-D308-4A56-A127-7384F863432E}.Debug|Any CPU.ActiveCfg = Debug|Any CPU
		{CF94CC7F-D308-4A56-A127-7384F863432E}.Debug|Any CPU.Build.0 = Debug|Any CPU
		{CF94CC7F-D308-4A56-A127-7384F863432E}.Release|Any CPU.ActiveCfg = Release|Any CPU
		{CF94CC7F-D308-4A56-A127-7384F863432E}.Release|Any CPU.Build.0 = Release|Any CPU
		{BA247A6D-0B2A-4CD0-B0E8-4D51E0A57116}.Debug|Any CPU.ActiveCfg = Debug|Any CPU
		{BA247A6D-0B2A-4CD0-B0E8-4D51E0A57116}.Debug|Any CPU.Build.0 = Debug|Any CPU
		{BA247A6D-0B2A-4CD0-B0E8-4D51E0A57116}.Release|Any CPU.ActiveCfg = Release|Any CPU
		{BA247A6D-0B2A-4CD0-B0E8-4D51E0A57116}.Release|Any CPU.Build.0 = Release|Any CPU
		{FD6C6502-3FDB-4181-9AF6-89D317B1B1AC}.Debug|Any CPU.ActiveCfg = Debug|Any CPU
		{FD6C6502-3FDB-4181-9AF6-89D317B1B1AC}.Debug|Any CPU.Build.0 = Debug|Any CPU
		{FD6C6502-3FDB-4181-9AF6-89D317B1B1AC}.Release|Any CPU.ActiveCfg = Release|Any CPU
		{FD6C6502-3FDB-4181-9AF6-89D317B1B1AC}.Release|Any CPU.Build.0 = Release|Any CPU
		{A76C0D10-8914-4599-8F35-9B1386F099B3}.Debug|Any CPU.ActiveCfg = Debug|Any CPU
		{A76C0D10-8914-4599-8F35-9B1386F099B3}.Debug|Any CPU.Build.0 = Debug|Any CPU
		{A76C0D10-8914-4599-8F35-9B1386F099B3}.Release|Any CPU.ActiveCfg = Release|Any CPU
		{A76C0D10-8914-4599-8F35-9B1386F099B3}.Release|Any CPU.Build.0 = Release|Any CPU
		{F0EB1453-9B89-4577-B602-3F14B5E281F8}.Debug|Any CPU.ActiveCfg = Debug|Any CPU
		{F0EB1453-9B89-4577-B602-3F14B5E281F8}.Debug|Any CPU.Build.0 = Debug|Any CPU
		{F0EB1453-9B89-4577-B602-3F14B5E281F8}.Release|Any CPU.ActiveCfg = Release|Any CPU
		{F0EB1453-9B89-4577-B602-3F14B5E281F8}.Release|Any CPU.Build.0 = Release|Any CPU
		{4EC1F422-4BE5-4A08-AAB4-4AEEEBB9291F}.Debug|Any CPU.ActiveCfg = Debug|Any CPU
		{4EC1F422-4BE5-4A08-AAB4-4AEEEBB9291F}.Debug|Any CPU.Build.0 = Debug|Any CPU
		{4EC1F422-4BE5-4A08-AAB4-4AEEEBB9291F}.Release|Any CPU.ActiveCfg = Release|Any CPU
		{4EC1F422-4BE5-4A08-AAB4-4AEEEBB9291F}.Release|Any CPU.Build.0 = Release|Any CPU
		{0DF3A43A-89E5-442B-A8CC-08BB49D9AC57}.Debug|Any CPU.ActiveCfg = Debug|Any CPU
		{0DF3A43A-89E5-442B-A8CC-08BB49D9AC57}.Debug|Any CPU.Build.0 = Debug|Any CPU
		{0DF3A43A-89E5-442B-A8CC-08BB49D9AC57}.Release|Any CPU.ActiveCfg = Release|Any CPU
		{0DF3A43A-89E5-442B-A8CC-08BB49D9AC57}.Release|Any CPU.Build.0 = Release|Any CPU
		{6AB9E957-6328-494C-B01A-BCE895948D04}.Debug|Any CPU.ActiveCfg = Debug|Any CPU
		{6AB9E957-6328-494C-B01A-BCE895948D04}.Debug|Any CPU.Build.0 = Debug|Any CPU
		{6AB9E957-6328-494C-B01A-BCE895948D04}.Release|Any CPU.ActiveCfg = Release|Any CPU
		{6AB9E957-6328-494C-B01A-BCE895948D04}.Release|Any CPU.Build.0 = Release|Any CPU
		{B30F8EA9-EB99-41EB-A1B8-3D652AB312B5}.Debug|Any CPU.ActiveCfg = Debug|Any CPU
		{B30F8EA9-EB99-41EB-A1B8-3D652AB312B5}.Debug|Any CPU.Build.0 = Debug|Any CPU
		{B30F8EA9-EB99-41EB-A1B8-3D652AB312B5}.Release|Any CPU.ActiveCfg = Release|Any CPU
		{B30F8EA9-EB99-41EB-A1B8-3D652AB312B5}.Release|Any CPU.Build.0 = Release|Any CPU
		{4D00A67E-D64F-4F2D-A5E3-9E5B5BAC72AC}.Debug|Any CPU.ActiveCfg = Debug|Any CPU
		{4D00A67E-D64F-4F2D-A5E3-9E5B5BAC72AC}.Debug|Any CPU.Build.0 = Debug|Any CPU
		{4D00A67E-D64F-4F2D-A5E3-9E5B5BAC72AC}.Release|Any CPU.ActiveCfg = Release|Any CPU
		{4D00A67E-D64F-4F2D-A5E3-9E5B5BAC72AC}.Release|Any CPU.Build.0 = Release|Any CPU
		{B21B248A-64B4-4631-BFCE-F199628E17E1}.Debug|Any CPU.ActiveCfg = Debug|Any CPU
		{B21B248A-64B4-4631-BFCE-F199628E17E1}.Debug|Any CPU.Build.0 = Debug|Any CPU
		{B21B248A-64B4-4631-BFCE-F199628E17E1}.Release|Any CPU.ActiveCfg = Release|Any CPU
		{B21B248A-64B4-4631-BFCE-F199628E17E1}.Release|Any CPU.Build.0 = Release|Any CPU
		{DC39389D-9BBC-4F33-B01F-097ED8B702AB}.Debug|Any CPU.ActiveCfg = Debug|Any CPU
		{DC39389D-9BBC-4F33-B01F-097ED8B702AB}.Debug|Any CPU.Build.0 = Debug|Any CPU
		{DC39389D-9BBC-4F33-B01F-097ED8B702AB}.Release|Any CPU.ActiveCfg = Release|Any CPU
		{DC39389D-9BBC-4F33-B01F-097ED8B702AB}.Release|Any CPU.Build.0 = Release|Any CPU
		{5FDB6483-0420-42C2-A8B3-0C0BFB34C4E6}.Debug|Any CPU.ActiveCfg = Debug|Any CPU
		{5FDB6483-0420-42C2-A8B3-0C0BFB34C4E6}.Debug|Any CPU.Build.0 = Debug|Any CPU
		{5FDB6483-0420-42C2-A8B3-0C0BFB34C4E6}.Release|Any CPU.ActiveCfg = Release|Any CPU
		{5FDB6483-0420-42C2-A8B3-0C0BFB34C4E6}.Release|Any CPU.Build.0 = Release|Any CPU
		{34CBAA38-DF1C-469F-94D3-A12AF690234E}.Debug|Any CPU.ActiveCfg = Debug|Any CPU
		{34CBAA38-DF1C-469F-94D3-A12AF690234E}.Debug|Any CPU.Build.0 = Debug|Any CPU
		{34CBAA38-DF1C-469F-94D3-A12AF690234E}.Release|Any CPU.ActiveCfg = Release|Any CPU
		{34CBAA38-DF1C-469F-94D3-A12AF690234E}.Release|Any CPU.Build.0 = Release|Any CPU
		{DBBD45EB-3020-441D-BA47-41D6463E6732}.Debug|Any CPU.ActiveCfg = Debug|Any CPU
		{DBBD45EB-3020-441D-BA47-41D6463E6732}.Debug|Any CPU.Build.0 = Debug|Any CPU
		{DBBD45EB-3020-441D-BA47-41D6463E6732}.Release|Any CPU.ActiveCfg = Release|Any CPU
		{DBBD45EB-3020-441D-BA47-41D6463E6732}.Release|Any CPU.Build.0 = Release|Any CPU
		{34726A4D-9B83-41FA-95DB-D405F7133D13}.Debug|Any CPU.ActiveCfg = Debug|Any CPU
		{34726A4D-9B83-41FA-95DB-D405F7133D13}.Debug|Any CPU.Build.0 = Debug|Any CPU
		{34726A4D-9B83-41FA-95DB-D405F7133D13}.Release|Any CPU.ActiveCfg = Release|Any CPU
		{34726A4D-9B83-41FA-95DB-D405F7133D13}.Release|Any CPU.Build.0 = Release|Any CPU
		{EF3341F0-F527-4FD4-829E-9178ABC89E0E}.Debug|Any CPU.ActiveCfg = Debug|Any CPU
		{EF3341F0-F527-4FD4-829E-9178ABC89E0E}.Debug|Any CPU.Build.0 = Debug|Any CPU
		{EF3341F0-F527-4FD4-829E-9178ABC89E0E}.Release|Any CPU.ActiveCfg = Release|Any CPU
		{EF3341F0-F527-4FD4-829E-9178ABC89E0E}.Release|Any CPU.Build.0 = Release|Any CPU
		{48AC32CA-AA8B-419A-B1D0-F371613114E4}.Debug|Any CPU.ActiveCfg = Debug|Any CPU
		{48AC32CA-AA8B-419A-B1D0-F371613114E4}.Debug|Any CPU.Build.0 = Debug|Any CPU
		{48AC32CA-AA8B-419A-B1D0-F371613114E4}.Release|Any CPU.ActiveCfg = Release|Any CPU
		{48AC32CA-AA8B-419A-B1D0-F371613114E4}.Release|Any CPU.Build.0 = Release|Any CPU
		{75077FB0-A1B8-443A-97A6-16A491C99506}.Debug|Any CPU.ActiveCfg = Debug|Any CPU
		{75077FB0-A1B8-443A-97A6-16A491C99506}.Debug|Any CPU.Build.0 = Debug|Any CPU
		{75077FB0-A1B8-443A-97A6-16A491C99506}.Release|Any CPU.ActiveCfg = Release|Any CPU
		{75077FB0-A1B8-443A-97A6-16A491C99506}.Release|Any CPU.Build.0 = Release|Any CPU
		{2E719CBE-00A2-4317-A03D-DB45DCAB0D06}.Debug|Any CPU.ActiveCfg = Debug|Any CPU
		{2E719CBE-00A2-4317-A03D-DB45DCAB0D06}.Debug|Any CPU.Build.0 = Debug|Any CPU
		{2E719CBE-00A2-4317-A03D-DB45DCAB0D06}.Release|Any CPU.ActiveCfg = Release|Any CPU
		{2E719CBE-00A2-4317-A03D-DB45DCAB0D06}.Release|Any CPU.Build.0 = Release|Any CPU
		{5ED76F7C-9642-4D33-882C-23A030FF18DB}.Debug|Any CPU.ActiveCfg = Debug|Any CPU
		{5ED76F7C-9642-4D33-882C-23A030FF18DB}.Debug|Any CPU.Build.0 = Debug|Any CPU
		{5ED76F7C-9642-4D33-882C-23A030FF18DB}.Release|Any CPU.ActiveCfg = Release|Any CPU
		{5ED76F7C-9642-4D33-882C-23A030FF18DB}.Release|Any CPU.Build.0 = Release|Any CPU
		{A8C7BA9C-A83D-4B06-A3B8-6F9372E7A2C5}.Debug|Any CPU.ActiveCfg = Debug|Any CPU
		{A8C7BA9C-A83D-4B06-A3B8-6F9372E7A2C5}.Debug|Any CPU.Build.0 = Debug|Any CPU
		{A8C7BA9C-A83D-4B06-A3B8-6F9372E7A2C5}.Release|Any CPU.ActiveCfg = Release|Any CPU
		{A8C7BA9C-A83D-4B06-A3B8-6F9372E7A2C5}.Release|Any CPU.Build.0 = Release|Any CPU
		{025481AD-E5AB-41C4-933E-0BE91A7846CB}.Debug|Any CPU.ActiveCfg = Debug|Any CPU
		{025481AD-E5AB-41C4-933E-0BE91A7846CB}.Debug|Any CPU.Build.0 = Debug|Any CPU
		{025481AD-E5AB-41C4-933E-0BE91A7846CB}.Release|Any CPU.ActiveCfg = Release|Any CPU
		{025481AD-E5AB-41C4-933E-0BE91A7846CB}.Release|Any CPU.Build.0 = Release|Any CPU
		{9384581E-7E7C-463D-9436-6A8FDA2A8219}.Debug|Any CPU.ActiveCfg = Debug|Any CPU
		{9384581E-7E7C-463D-9436-6A8FDA2A8219}.Debug|Any CPU.Build.0 = Debug|Any CPU
		{9384581E-7E7C-463D-9436-6A8FDA2A8219}.Release|Any CPU.ActiveCfg = Release|Any CPU
		{9384581E-7E7C-463D-9436-6A8FDA2A8219}.Release|Any CPU.Build.0 = Release|Any CPU
		{66C6D938-1C10-442C-8DDA-8D3E1B707290}.Debug|Any CPU.ActiveCfg = Debug|Any CPU
		{66C6D938-1C10-442C-8DDA-8D3E1B707290}.Debug|Any CPU.Build.0 = Debug|Any CPU
		{66C6D938-1C10-442C-8DDA-8D3E1B707290}.Release|Any CPU.ActiveCfg = Release|Any CPU
		{66C6D938-1C10-442C-8DDA-8D3E1B707290}.Release|Any CPU.Build.0 = Release|Any CPU
		{212CD1B5-3A02-48DA-9E06-585CF1528E3B}.Debug|Any CPU.ActiveCfg = Debug|Any CPU
		{212CD1B5-3A02-48DA-9E06-585CF1528E3B}.Debug|Any CPU.Build.0 = Debug|Any CPU
		{212CD1B5-3A02-48DA-9E06-585CF1528E3B}.Release|Any CPU.ActiveCfg = Release|Any CPU
		{212CD1B5-3A02-48DA-9E06-585CF1528E3B}.Release|Any CPU.Build.0 = Release|Any CPU
	EndGlobalSection
EndGlobal
